
Microsoft Visual Studio Solution File, Format Version 12.00
# Visual Studio Version 16
VisualStudioVersion = 16.0.29613.14
MinimumVisualStudioVersion = 10.0.40219.1
Project("{9A19103F-16F7-4668-BE54-9A1E7A4F7556}") = "TinfoilWebServer", "TinfoilWebServer\TinfoilWebServer.csproj", "{99A955DF-D8A8-4036-B4FB-D68CB366C36D}"
EndProject
Global
	GlobalSection(SolutionConfigurationPlatforms) = preSolution
		Debug|Any CPU = Debug|Any CPU
		Release|Any CPU = Release|Any CPU
	EndGlobalSection
	GlobalSection(ProjectConfigurationPlatforms) = postSolution
		{99A955DF-D8A8-4036-B4FB-D68CB366C36D}.Debug|Any CPU.ActiveCfg = Debug|Any CPU
		{99A955DF-D8A8-4036-B4FB-D68CB366C36D}.Debug|Any CPU.Build.0 = Debug|Any CPU
		{99A955DF-D8A8-4036-B4FB-D68CB366C36D}.Release|Any CPU.ActiveCfg = Release|Any CPU
		{99A955DF-D8A8-4036-B4FB-D68CB366C36D}.Release|Any CPU.Build.0 = Release|Any CPU
	EndGlobalSection
	GlobalSection(SolutionProperties) = preSolution
		HideSolutionNode = FALSE
	EndGlobalSection
	GlobalSection(ExtensibilityGlobals) = postSolution
		SolutionGuid = {04163746-47A5-413A-B793-E1DD498DFC0A}
	EndGlobalSection
EndGlobal
